
Microsoft Visual Studio Solution File, Format Version 11.00
# Visual Studio 2010
Project("{FAE04EC0-301F-11D3-BF4B-00C04F79EFBC}") = "1202_W13_LT1B_MessamTyrell", "1202_W13_LT1B_MessamTyrell\1202_W13_LT1B_MessamTyrell.csproj", "{6C997A42-3E30-4E0A-BCC2-FF9B4AC26402}"
EndProject
Global
	GlobalSection(SolutionConfigurationPlatforms) = preSolution
		Debug|x86 = Debug|x86
		Release|x86 = Release|x86
	EndGlobalSection
	GlobalSection(ProjectConfigurationPlatforms) = postSolution
		{6C997A42-3E30-4E0A-BCC2-FF9B4AC26402}.Debug|x86.ActiveCfg = Debug|x86
		{6C997A42-3E30-4E0A-BCC2-FF9B4AC26402}.Debug|x86.Build.0 = Debug|x86
		{6C997A42-3E30-4E0A-BCC2-FF9B4AC26402}.Release|x86.ActiveCfg = Release|x86
		{6C997A42-3E30-4E0A-BCC2-FF9B4AC26402}.Release|x86.Build.0 = Release|x86
	EndGlobalSection
	GlobalSection(SolutionProperties) = preSolution
		HideSolutionNode = FALSE
	EndGlobalSection
EndGlobal
